PODS:
  - Flutter (1.0.0)
  - image_cropper (0.0.3):
    - Flutter
    - TOCropViewController (~> 2.5.4)
  - image_picker (0.0.1):
    - Flutter
  - TOCropViewController (2.5.4)

DEPENDENCIES:
  - Flutter (from `Flutter`)
  - image_cropper (from `.symlinks/plugins/image_cropper/ios`)
  - image_picker (from `.symlinks/plugins/image_picker/ios`)

SPEC REPOS:
  trunk:
    - TOCropViewController

EXTERNAL SOURCES:
  Flutter:
    :path: Flutter
  image_cropper:
    :path: ".symlinks/plugins/image_cropper/ios"
  image_picker:
    :path: ".symlinks/plugins/image_picker/ios"

SPEC CHECKSUMS:
  Flutter: 434fef37c0980e73bb6479ef766c45957d4b510c
  image_cropper: c8f9b4157933c7bb965a66d1c5e6c8fd408c6eb4
  image_picker: 50e7c7ff960e5f58faa4d1f4af84a771c671bc4a
  TOCropViewController: 2a1ae1242600b1f2d996fd91a5268b2309a33b5c

PODFILE CHECKSUM: 8e679eca47255a8ca8067c4c67aab20e64cb974d

COCOAPODS: 1.10.1
