PODS:
  - Flutter (1.0.0)
  - image_cropper (0.0.1):
    - Flutter
    - TOCropViewController (~> 2.3.7)
  - image_picker (0.0.1):
    - Flutter
  - TOCropViewController (2.3.7)

DEPENDENCIES:
  - Flutter (from `.symlinks/flutter/ios`)
  - image_cropper (from `.symlinks/plugins/image_cropper/ios`)
  - image_picker (from `.symlinks/plugins/image_picker/ios`)

SPEC REPOS:
  https://github.com/CocoaPods/Specs.git:
    - TOCropViewController

EXTERNAL SOURCES:
  Flutter:
    :path: ".symlinks/flutter/ios"
  image_cropper:
    :path: ".symlinks/plugins/image_cropper/ios"
  image_picker:
    :path: ".symlinks/plugins/image_picker/ios"

SPEC CHECKSUMS:
  Flutter: 9d0fac939486c9aba2809b7982dfdbb47a7b0296
  image_cropper: fb249aad4943e038ca910ff20237b5ffb3f22897
  image_picker: ee00aab0487cedc80a304085219503cc6d0f2e22
  TOCropViewController: c7ae3481a3f52e52a6897383a6aba17d47381ab6

PODFILE CHECKSUM: 1e5af4103afd21ca5ead147d7b81d06f494f51a2

COCOAPODS: 1.5.0
