{
  "pins" : [
    {
      "identity" : "tocropviewcontroller",
      "kind" : "remoteSourceControl",
      "location" : "https://github.com/TimOliver/TOCropViewController.git",
      "state" : {
        "revision" : "b73eb2d665a5ba8ea10cdf2682a0f7f0bbb550bb",
        "version" : "3.1.1"
      }
    }
  ],
  "version" : 2
}
